
Microsoft Visual Studio Solution File, Format Version 12.00
# Visual Studio 15
VisualStudioVersion = 15.0.27130.2020
MinimumVisualStudioVersion = 10.0.40219.1
Project("{FAE04EC0-301F-11D3-BF4B-00C04F79EFBC}") = "FasterActionMod", "FasterActionMod.csproj", "{7894345C-C5E2-4878-A515-EF85F9EACD9F}"
EndProject
Global
	GlobalSection(SolutionConfigurationPlatforms) = preSolution
		Debug|Any CPU = Debug|Any CPU
		Release|Any CPU = Release|Any CPU
	EndGlobalSection
	GlobalSection(ProjectConfigurationPlatforms) = postSolution
		{7894345C-C5E2-4878-A515-EF85F9EACD9F}.Debug|Any CPU.ActiveCfg = Debug|Any CPU
		{7894345C-C5E2-4878-A515-EF85F9EACD9F}.Debug|Any CPU.Build.0 = Debug|Any CPU
		{7894345C-C5E2-4878-A515-EF85F9EACD9F}.Release|Any CPU.ActiveCfg = Release|Any CPU
		{7894345C-C5E2-4878-A515-EF85F9EACD9F}.Release|Any CPU.Build.0 = Release|Any CPU
	EndGlobalSection
	GlobalSection(SolutionProperties) = preSolution
		HideSolutionNode = FALSE
	EndGlobalSection
	GlobalSection(ExtensibilityGlobals) = postSolution
		SolutionGuid = {67A9C71D-C046-476D-A201-154D2F0F129F}
	EndGlobalSection
EndGlobal
